
Microsoft Visual Studio Solution File, Format Version 12.00
# Visual Studio 14
VisualStudioVersion = 14.0.23107.0
MinimumVisualStudioVersion = 10.0.40219.1
Project("{FAE04EC0-301F-11D3-BF4B-00C04F79EFBC}") = "app", "service\app\app.csproj", "{B38A237B-0BF4-4FD0-941D-E3640A3058EE}"
EndProject
Project("{2150E333-8FDC-42A3-9474-1A3956D46DE8}") = "client", "client", "{F1ABE560-BCB9-4E0D-BDC0-5D401B1B1122}"
EndProject
Project("{2150E333-8FDC-42A3-9474-1A3956D46DE8}") = "service", "service", "{3130DCB6-7D21-471C-B864-16B2FAAD8EFC}"
EndProject
Project("{FAE04EC0-301F-11D3-BF4B-00C04F79EFBC}") = "test", "client\test\test.csproj", "{F4E5BF74-FD5D-4A1C-AB92-A54A7B79EC42}"
EndProject
Project("{2150E333-8FDC-42A3-9474-1A3956D46DE8}") = "lib", "lib", "{3E58ADC1-A8F4-4403-AF3A-2C3ED1F86289}"
EndProject
Project("{FAE04EC0-301F-11D3-BF4B-00C04F79EFBC}") = "app", "client\app\app.csproj", "{5878740B-360A-4942-8902-926907209616}"
EndProject
Project("{FAE04EC0-301F-11D3-BF4B-00C04F79EFBC}") = "Test.Support", "Test.Support\Test.Support\Test.Support.csproj", "{A215E837-1208-49E3-AF93-A9612223122C}"
EndProject
Project("{FAE04EC0-301F-11D3-BF4B-00C04F79EFBC}") = "Common.Models", "Common.Models\Common.Models\Common.Models.csproj", "{80C9F352-5EED-41B2-989A-6628BCAF4D36}"
EndProject
Project("{FAE04EC0-301F-11D3-BF4B-00C04F79EFBC}") = "Common.MySql", "Common.MySql\Common.MySql\Common.MySql.csproj", "{8A680813-C83B-497A-85E6-E8F07B7D7650}"
EndProject
Project("{FAE04EC0-301F-11D3-BF4B-00C04F79EFBC}") = "Common.Tools", "Common.Tools\Common.Tools\Common.Tools.csproj", "{72AFCFE8-C9E9-45FA-9698-BEE896A517A3}"
EndProject
Project("{FAE04EC0-301F-11D3-BF4B-00C04F79EFBC}") = "Common.Tools.Tests", "Common.Tools\Common.Tools.Test\Common.Tools.Tests.csproj", "{A2C4864F-8976-4C5B-A2BF-60AE31749BB7}"
EndProject
Project("{FAE04EC0-301F-11D3-BF4B-00C04F79EFBC}") = "test", "service\test\test.csproj", "{E12BC78F-C2CC-46E1-AF67-B62D8ACD96F8}"
EndProject
Project("{FAE04EC0-301F-11D3-BF4B-00C04F79EFBC}") = "Common.NHibernate", "Common.MySql\Common.NHibernate\Common.NHibernate.csproj", "{8BE188CA-A0D9-4609-AB2E-AB8EDF849FE0}"
EndProject
Project("{FAE04EC0-301F-11D3-BF4B-00C04F79EFBC}") = "Common.Web.Service", "Common.Web\Common.Web.Service\Common.Web.Service.csproj", "{4D65C8D8-B835-4F03-9606-05A18C3EEE1B}"
EndProject
Project("{FAE04EC0-301F-11D3-BF4B-00C04F79EFBC}") = "app", "updater\app\app.csproj", "{677DB511-BFB9-4FAA-877C-AF00A12487CD}"
EndProject
Project("{FAE04EC0-301F-11D3-BF4B-00C04F79EFBC}") = "Common.Models.Tests", "Common.Models\Common.Models.Tests\Common.Models.Tests.csproj", "{75D6B3B6-82B6-448F-8565-DBD2FD467D4F}"
EndProject
Project("{FAE04EC0-301F-11D3-BF4B-00C04F79EFBC}") = "test.vm", "client\test\vm\test.vm.csproj", "{8724B58D-B021-4658-AA05-5644A44CD3C5}"
EndProject
Project("{FAE04EC0-301F-11D3-BF4B-00C04F79EFBC}") = "SmartOrderFactory.Tests", "SmartOrderFactory\SmartOrderFactory.Tests\SmartOrderFactory.Tests.csproj", "{BCCDAED2-0C49-41F7-8073-FDDB810DD379}"
EndProject
Project("{FAE04EC0-301F-11D3-BF4B-00C04F79EFBC}") = "SmartOrderFactory", "SmartOrderFactory\SmartOrderFactory\SmartOrderFactory.csproj", "{F5D61060-DF73-4B6D-846F-8F60EE2A00A4}"
EndProject
Project("{FAE04EC0-301F-11D3-BF4B-00C04F79EFBC}") = "test.release", "client\test.release\test.release.csproj", "{6A431E24-E989-4641-A9D6-AC0A60E4CADA}"
EndProject
Project("{2150E333-8FDC-42A3-9474-1A3956D46DE8}") = "updater", "updater", "{514554E3-AC66-4F5C-86D3-0FB479EACD0F}"
EndProject
Project("{FAE04EC0-301F-11D3-BF4B-00C04F79EFBC}") = "test", "updater\test\test.csproj", "{18676AB8-9F29-41EC-A633-95CF6F8175C6}"
EndProject
Project("{FAE04EC0-301F-11D3-BF4B-00C04F79EFBC}") = "stub", "updater\stub\stub.csproj", "{15062012-5439-48BF-8FB8-62DC3C7B76C4}"
EndProject
Project("{2150E333-8FDC-42A3-9474-1A3956D46DE8}") = "proxy", "proxy", "{EAE5A359-D061-478B-B381-29FDA921C068}"
EndProject
Project("{FAE04EC0-301F-11D3-BF4B-00C04F79EFBC}") = "app", "proxy\app\app.csproj", "{BB0320E9-5844-4AD0-A17D-355CF556B15C}"
EndProject
Project("{FAE04EC0-301F-11D3-BF4B-00C04F79EFBC}") = "Common.MySql.Tests", "Common.MySql\Common.MySql.Tests\Common.MySql.Tests.csproj", "{98EFE255-60D6-4C1B-95A6-49779D21E94E}"
EndProject
Global
	GlobalSection(SolutionConfigurationPlatforms) = preSolution
		ChildrenFolder|Any CPU = ChildrenFolder|Any CPU
		ChildrenFolder|x86 = ChildrenFolder|x86
		Debug|Any CPU = Debug|Any CPU
		Debug|x86 = Debug|x86
		debug-net45|Any CPU = debug-net45|Any CPU
		debug-net45|x86 = debug-net45|x86
		Release|Any CPU = Release|Any CPU
		Release|x86 = Release|x86
		release-net45|Any CPU = release-net45|Any CPU
		release-net45|x86 = release-net45|x86
	EndGlobalSection
	GlobalSection(ProjectConfigurationPlatforms) = postSolution
		{B38A237B-0BF4-4FD0-941D-E3640A3058EE}.ChildrenFolder|Any CPU.ActiveCfg = Release|Any CPU
		{B38A237B-0BF4-4FD0-941D-E3640A3058EE}.ChildrenFolder|Any CPU.Build.0 = Release|Any CPU
		{B38A237B-0BF4-4FD0-941D-E3640A3058EE}.ChildrenFolder|x86.ActiveCfg = Release|Any CPU
		{B38A237B-0BF4-4FD0-941D-E3640A3058EE}.Debug|Any CPU.ActiveCfg = Debug|Any CPU
		{B38A237B-0BF4-4FD0-941D-E3640A3058EE}.Debug|Any CPU.Build.0 = Debug|Any CPU
		{B38A237B-0BF4-4FD0-941D-E3640A3058EE}.Debug|x86.ActiveCfg = Debug|Any CPU
		{B38A237B-0BF4-4FD0-941D-E3640A3058EE}.debug-net45|Any CPU.ActiveCfg = Debug|Any CPU
		{B38A237B-0BF4-4FD0-941D-E3640A3058EE}.debug-net45|Any CPU.Build.0 = Debug|Any CPU
		{B38A237B-0BF4-4FD0-941D-E3640A3058EE}.debug-net45|x86.ActiveCfg = Debug|Any CPU
		{B38A237B-0BF4-4FD0-941D-E3640A3058EE}.debug-net45|x86.Build.0 = Debug|Any CPU
		{B38A237B-0BF4-4FD0-941D-E3640A3058EE}.Release|Any CPU.ActiveCfg = Release|Any CPU
		{B38A237B-0BF4-4FD0-941D-E3640A3058EE}.Release|Any CPU.Build.0 = Release|Any CPU
		{B38A237B-0BF4-4FD0-941D-E3640A3058EE}.Release|x86.ActiveCfg = Release|Any CPU
		{B38A237B-0BF4-4FD0-941D-E3640A3058EE}.release-net45|Any CPU.ActiveCfg = Release|Any CPU
		{B38A237B-0BF4-4FD0-941D-E3640A3058EE}.release-net45|Any CPU.Build.0 = Release|Any CPU
		{B38A237B-0BF4-4FD0-941D-E3640A3058EE}.release-net45|x86.ActiveCfg = Release|Any CPU
		{B38A237B-0BF4-4FD0-941D-E3640A3058EE}.release-net45|x86.Build.0 = Release|Any CPU
		{F4E5BF74-FD5D-4A1C-AB92-A54A7B79EC42}.ChildrenFolder|Any CPU.ActiveCfg = Release|Any CPU
		{F4E5BF74-FD5D-4A1C-AB92-A54A7B79EC42}.ChildrenFolder|Any CPU.Build.0 = Release|Any CPU
		{F4E5BF74-FD5D-4A1C-AB92-A54A7B79EC42}.ChildrenFolder|x86.ActiveCfg = Release|Any CPU
		{F4E5BF74-FD5D-4A1C-AB92-A54A7B79EC42}.Debug|Any CPU.ActiveCfg = Debug|Any CPU
		{F4E5BF74-FD5D-4A1C-AB92-A54A7B79EC42}.Debug|Any CPU.Build.0 = Debug|Any CPU
		{F4E5BF74-FD5D-4A1C-AB92-A54A7B79EC42}.Debug|x86.ActiveCfg = Debug|Any CPU
		{F4E5BF74-FD5D-4A1C-AB92-A54A7B79EC42}.debug-net45|Any CPU.ActiveCfg = Debug|Any CPU
		{F4E5BF74-FD5D-4A1C-AB92-A54A7B79EC42}.debug-net45|Any CPU.Build.0 = Debug|Any CPU
		{F4E5BF74-FD5D-4A1C-AB92-A54A7B79EC42}.debug-net45|x86.ActiveCfg = Debug|Any CPU
		{F4E5BF74-FD5D-4A1C-AB92-A54A7B79EC42}.debug-net45|x86.Build.0 = Debug|Any CPU
		{F4E5BF74-FD5D-4A1C-AB92-A54A7B79EC42}.Release|Any CPU.ActiveCfg = Release|Any CPU
		{F4E5BF74-FD5D-4A1C-AB92-A54A7B79EC42}.Release|Any CPU.Build.0 = Release|Any CPU
		{F4E5BF74-FD5D-4A1C-AB92-A54A7B79EC42}.Release|x86.ActiveCfg = Release|Any CPU
		{F4E5BF74-FD5D-4A1C-AB92-A54A7B79EC42}.release-net45|Any CPU.ActiveCfg = Release|Any CPU
		{F4E5BF74-FD5D-4A1C-AB92-A54A7B79EC42}.release-net45|Any CPU.Build.0 = Release|Any CPU
		{F4E5BF74-FD5D-4A1C-AB92-A54A7B79EC42}.release-net45|x86.ActiveCfg = Release|Any CPU
		{F4E5BF74-FD5D-4A1C-AB92-A54A7B79EC42}.release-net45|x86.Build.0 = Release|Any CPU
		{5878740B-360A-4942-8902-926907209616}.ChildrenFolder|Any CPU.ActiveCfg = Release|Any CPU
		{5878740B-360A-4942-8902-926907209616}.ChildrenFolder|Any CPU.Build.0 = Release|Any CPU
		{5878740B-360A-4942-8902-926907209616}.ChildrenFolder|x86.ActiveCfg = Release|Any CPU
		{5878740B-360A-4942-8902-926907209616}.Debug|Any CPU.ActiveCfg = Debug|Any CPU
		{5878740B-360A-4942-8902-926907209616}.Debug|Any CPU.Build.0 = Debug|Any CPU
		{5878740B-360A-4942-8902-926907209616}.Debug|x86.ActiveCfg = Debug|Any CPU
		{5878740B-360A-4942-8902-926907209616}.debug-net45|Any CPU.ActiveCfg = Debug|Any CPU
		{5878740B-360A-4942-8902-926907209616}.debug-net45|Any CPU.Build.0 = Debug|Any CPU
		{5878740B-360A-4942-8902-926907209616}.debug-net45|x86.ActiveCfg = Debug|Any CPU
		{5878740B-360A-4942-8902-926907209616}.debug-net45|x86.Build.0 = Debug|Any CPU
		{5878740B-360A-4942-8902-926907209616}.Release|Any CPU.ActiveCfg = Release|Any CPU
		{5878740B-360A-4942-8902-926907209616}.Release|Any CPU.Build.0 = Release|Any CPU
		{5878740B-360A-4942-8902-926907209616}.Release|x86.ActiveCfg = Release|Any CPU
		{5878740B-360A-4942-8902-926907209616}.release-net45|Any CPU.ActiveCfg = Release|Any CPU
		{5878740B-360A-4942-8902-926907209616}.release-net45|Any CPU.Build.0 = Release|Any CPU
		{5878740B-360A-4942-8902-926907209616}.release-net45|x86.ActiveCfg = Release|Any CPU
		{5878740B-360A-4942-8902-926907209616}.release-net45|x86.Build.0 = Release|Any CPU
		{A215E837-1208-49E3-AF93-A9612223122C}.ChildrenFolder|Any CPU.ActiveCfg = Release|Any CPU
		{A215E837-1208-49E3-AF93-A9612223122C}.ChildrenFolder|Any CPU.Build.0 = Release|Any CPU
		{A215E837-1208-49E3-AF93-A9612223122C}.ChildrenFolder|x86.ActiveCfg = Release|Any CPU
		{A215E837-1208-49E3-AF93-A9612223122C}.Debug|Any CPU.ActiveCfg = Debug|Any CPU
		{A215E837-1208-49E3-AF93-A9612223122C}.Debug|Any CPU.Build.0 = Debug|Any CPU
		{A215E837-1208-49E3-AF93-A9612223122C}.Debug|x86.ActiveCfg = Debug|Any CPU
		{A215E837-1208-49E3-AF93-A9612223122C}.debug-net45|Any CPU.ActiveCfg = debug-net45|Any CPU
		{A215E837-1208-49E3-AF93-A9612223122C}.debug-net45|Any CPU.Build.0 = debug-net45|Any CPU
		{A215E837-1208-49E3-AF93-A9612223122C}.debug-net45|x86.ActiveCfg = debug-net45|Any CPU
		{A215E837-1208-49E3-AF93-A9612223122C}.debug-net45|x86.Build.0 = debug-net45|Any CPU
		{A215E837-1208-49E3-AF93-A9612223122C}.Release|Any CPU.ActiveCfg = Release|Any CPU
		{A215E837-1208-49E3-AF93-A9612223122C}.Release|Any CPU.Build.0 = Release|Any CPU
		{A215E837-1208-49E3-AF93-A9612223122C}.Release|x86.ActiveCfg = Release|Any CPU
		{A215E837-1208-49E3-AF93-A9612223122C}.release-net45|Any CPU.ActiveCfg = release-net45|Any CPU
		{A215E837-1208-49E3-AF93-A9612223122C}.release-net45|Any CPU.Build.0 = release-net45|Any CPU
		{A215E837-1208-49E3-AF93-A9612223122C}.release-net45|x86.ActiveCfg = release-net45|Any CPU
		{A215E837-1208-49E3-AF93-A9612223122C}.release-net45|x86.Build.0 = release-net45|Any CPU
		{80C9F352-5EED-41B2-989A-6628BCAF4D36}.ChildrenFolder|Any CPU.ActiveCfg = Release|Any CPU
		{80C9F352-5EED-41B2-989A-6628BCAF4D36}.ChildrenFolder|Any CPU.Build.0 = Release|Any CPU
		{80C9F352-5EED-41B2-989A-6628BCAF4D36}.ChildrenFolder|x86.ActiveCfg = release-net45|Any CPU
		{80C9F352-5EED-41B2-989A-6628BCAF4D36}.Debug|Any CPU.ActiveCfg = Debug|Any CPU
		{80C9F352-5EED-41B2-989A-6628BCAF4D36}.Debug|Any CPU.Build.0 = Debug|Any CPU
		{80C9F352-5EED-41B2-989A-6628BCAF4D36}.Debug|x86.ActiveCfg = Debug|Any CPU
		{80C9F352-5EED-41B2-989A-6628BCAF4D36}.debug-net45|Any CPU.ActiveCfg = debug-net45|Any CPU
		{80C9F352-5EED-41B2-989A-6628BCAF4D36}.debug-net45|Any CPU.Build.0 = debug-net45|Any CPU
		{80C9F352-5EED-41B2-989A-6628BCAF4D36}.debug-net45|x86.ActiveCfg = debug-net45|Any CPU
		{80C9F352-5EED-41B2-989A-6628BCAF4D36}.debug-net45|x86.Build.0 = debug-net45|Any CPU
		{80C9F352-5EED-41B2-989A-6628BCAF4D36}.Release|Any CPU.ActiveCfg = Release|Any CPU
		{80C9F352-5EED-41B2-989A-6628BCAF4D36}.Release|Any CPU.Build.0 = Release|Any CPU
		{80C9F352-5EED-41B2-989A-6628BCAF4D36}.Release|x86.ActiveCfg = Release|Any CPU
		{80C9F352-5EED-41B2-989A-6628BCAF4D36}.release-net45|Any CPU.ActiveCfg = release-net45|Any CPU
		{80C9F352-5EED-41B2-989A-6628BCAF4D36}.release-net45|Any CPU.Build.0 = release-net45|Any CPU
		{80C9F352-5EED-41B2-989A-6628BCAF4D36}.release-net45|x86.ActiveCfg = release-net45|Any CPU
		{80C9F352-5EED-41B2-989A-6628BCAF4D36}.release-net45|x86.Build.0 = release-net45|Any CPU
		{8A680813-C83B-497A-85E6-E8F07B7D7650}.ChildrenFolder|Any CPU.ActiveCfg = Release|Any CPU
		{8A680813-C83B-497A-85E6-E8F07B7D7650}.ChildrenFolder|Any CPU.Build.0 = Release|Any CPU
		{8A680813-C83B-497A-85E6-E8F07B7D7650}.ChildrenFolder|x86.ActiveCfg = release-net45|Any CPU
		{8A680813-C83B-497A-85E6-E8F07B7D7650}.Debug|Any CPU.ActiveCfg = debug-net40|Any CPU
		{8A680813-C83B-497A-85E6-E8F07B7D7650}.Debug|Any CPU.Build.0 = debug-net40|Any CPU
		{8A680813-C83B-497A-85E6-E8F07B7D7650}.Debug|x86.ActiveCfg = Debug|Any CPU
		{8A680813-C83B-497A-85E6-E8F07B7D7650}.debug-net45|Any CPU.ActiveCfg = debug-net45|Any CPU
		{8A680813-C83B-497A-85E6-E8F07B7D7650}.debug-net45|Any CPU.Build.0 = debug-net45|Any CPU
		{8A680813-C83B-497A-85E6-E8F07B7D7650}.debug-net45|x86.ActiveCfg = debug-net45|Any CPU
		{8A680813-C83B-497A-85E6-E8F07B7D7650}.debug-net45|x86.Build.0 = debug-net45|Any CPU
		{8A680813-C83B-497A-85E6-E8F07B7D7650}.Release|Any CPU.ActiveCfg = release-net40|Any CPU
		{8A680813-C83B-497A-85E6-E8F07B7D7650}.Release|Any CPU.Build.0 = release-net40|Any CPU
		{8A680813-C83B-497A-85E6-E8F07B7D7650}.Release|x86.ActiveCfg = Release|Any CPU
		{8A680813-C83B-497A-85E6-E8F07B7D7650}.release-net45|Any CPU.ActiveCfg = release-net45|Any CPU
		{8A680813-C83B-497A-85E6-E8F07B7D7650}.release-net45|Any CPU.Build.0 = release-net45|Any CPU
		{8A680813-C83B-497A-85E6-E8F07B7D7650}.release-net45|x86.ActiveCfg = release-net45|Any CPU
		{8A680813-C83B-497A-85E6-E8F07B7D7650}.release-net45|x86.Build.0 = release-net45|Any CPU
		{72AFCFE8-C9E9-45FA-9698-BEE896A517A3}.ChildrenFolder|Any CPU.ActiveCfg = Release|Any CPU
		{72AFCFE8-C9E9-45FA-9698-BEE896A517A3}.ChildrenFolder|Any CPU.Build.0 = Release|Any CPU
		{72AFCFE8-C9E9-45FA-9698-BEE896A517A3}.ChildrenFolder|x86.ActiveCfg = release-net45|Any CPU
		{72AFCFE8-C9E9-45FA-9698-BEE896A517A3}.Debug|Any CPU.ActiveCfg = Debug|Any CPU
		{72AFCFE8-C9E9-45FA-9698-BEE896A517A3}.Debug|Any CPU.Build.0 = Debug|Any CPU
		{72AFCFE8-C9E9-45FA-9698-BEE896A517A3}.Debug|x86.ActiveCfg = Debug|Any CPU
		{72AFCFE8-C9E9-45FA-9698-BEE896A517A3}.debug-net45|Any CPU.ActiveCfg = debug-net45|Any CPU
		{72AFCFE8-C9E9-45FA-9698-BEE896A517A3}.debug-net45|Any CPU.Build.0 = debug-net45|Any CPU
		{72AFCFE8-C9E9-45FA-9698-BEE896A517A3}.debug-net45|x86.ActiveCfg = debug-net45|Any CPU
		{72AFCFE8-C9E9-45FA-9698-BEE896A517A3}.debug-net45|x86.Build.0 = debug-net45|Any CPU
		{72AFCFE8-C9E9-45FA-9698-BEE896A517A3}.Release|Any CPU.ActiveCfg = Release|Any CPU
		{72AFCFE8-C9E9-45FA-9698-BEE896A517A3}.Release|Any CPU.Build.0 = Release|Any CPU
		{72AFCFE8-C9E9-45FA-9698-BEE896A517A3}.Release|x86.ActiveCfg = Release|Any CPU
		{72AFCFE8-C9E9-45FA-9698-BEE896A517A3}.release-net45|Any CPU.ActiveCfg = release-net45|Any CPU
		{72AFCFE8-C9E9-45FA-9698-BEE896A517A3}.release-net45|Any CPU.Build.0 = release-net45|Any CPU
		{72AFCFE8-C9E9-45FA-9698-BEE896A517A3}.release-net45|x86.ActiveCfg = release-net45|Any CPU
		{72AFCFE8-C9E9-45FA-9698-BEE896A517A3}.release-net45|x86.Build.0 = release-net45|Any CPU
		{A2C4864F-8976-4C5B-A2BF-60AE31749BB7}.ChildrenFolder|Any CPU.ActiveCfg = ChildrenFolder|Any CPU
		{A2C4864F-8976-4C5B-A2BF-60AE31749BB7}.ChildrenFolder|Any CPU.Build.0 = ChildrenFolder|Any CPU
		{A2C4864F-8976-4C5B-A2BF-60AE31749BB7}.ChildrenFolder|x86.ActiveCfg = ChildrenFolder|Any CPU
		{A2C4864F-8976-4C5B-A2BF-60AE31749BB7}.Debug|Any CPU.ActiveCfg = Debug|Any CPU
		{A2C4864F-8976-4C5B-A2BF-60AE31749BB7}.Debug|Any CPU.Build.0 = Debug|Any CPU
		{A2C4864F-8976-4C5B-A2BF-60AE31749BB7}.Debug|x86.ActiveCfg = Debug|Any CPU
		{A2C4864F-8976-4C5B-A2BF-60AE31749BB7}.debug-net45|Any CPU.ActiveCfg = debug-net45|Any CPU
		{A2C4864F-8976-4C5B-A2BF-60AE31749BB7}.debug-net45|Any CPU.Build.0 = debug-net45|Any CPU
		{A2C4864F-8976-4C5B-A2BF-60AE31749BB7}.debug-net45|x86.ActiveCfg = debug-net45|Any CPU
		{A2C4864F-8976-4C5B-A2BF-60AE31749BB7}.debug-net45|x86.Build.0 = debug-net45|Any CPU
		{A2C4864F-8976-4C5B-A2BF-60AE31749BB7}.Release|Any CPU.ActiveCfg = Release|Any CPU
		{A2C4864F-8976-4C5B-A2BF-60AE31749BB7}.Release|Any CPU.Build.0 = Release|Any CPU
		{A2C4864F-8976-4C5B-A2BF-60AE31749BB7}.Release|x86.ActiveCfg = Release|Any CPU
		{A2C4864F-8976-4C5B-A2BF-60AE31749BB7}.release-net45|Any CPU.ActiveCfg = release-net45|Any CPU
		{A2C4864F-8976-4C5B-A2BF-60AE31749BB7}.release-net45|Any CPU.Build.0 = release-net45|Any CPU
		{A2C4864F-8976-4C5B-A2BF-60AE31749BB7}.release-net45|x86.ActiveCfg = release-net45|Any CPU
		{A2C4864F-8976-4C5B-A2BF-60AE31749BB7}.release-net45|x86.Build.0 = release-net45|Any CPU
		{E12BC78F-C2CC-46E1-AF67-B62D8ACD96F8}.ChildrenFolder|Any CPU.ActiveCfg = Release|Any CPU
		{E12BC78F-C2CC-46E1-AF67-B62D8ACD96F8}.ChildrenFolder|Any CPU.Build.0 = Release|Any CPU
		{E12BC78F-C2CC-46E1-AF67-B62D8ACD96F8}.ChildrenFolder|x86.ActiveCfg = Release|Any CPU
		{E12BC78F-C2CC-46E1-AF67-B62D8ACD96F8}.Debug|Any CPU.ActiveCfg = Debug|Any CPU
		{E12BC78F-C2CC-46E1-AF67-B62D8ACD96F8}.Debug|Any CPU.Build.0 = Debug|Any CPU
		{E12BC78F-C2CC-46E1-AF67-B62D8ACD96F8}.Debug|x86.ActiveCfg = Debug|Any CPU
		{E12BC78F-C2CC-46E1-AF67-B62D8ACD96F8}.debug-net45|Any CPU.ActiveCfg = Debug|Any CPU
		{E12BC78F-C2CC-46E1-AF67-B62D8ACD96F8}.debug-net45|Any CPU.Build.0 = Debug|Any CPU
		{E12BC78F-C2CC-46E1-AF67-B62D8ACD96F8}.debug-net45|x86.ActiveCfg = Debug|Any CPU
		{E12BC78F-C2CC-46E1-AF67-B62D8ACD96F8}.debug-net45|x86.Build.0 = Debug|Any CPU
		{E12BC78F-C2CC-46E1-AF67-B62D8ACD96F8}.Release|Any CPU.ActiveCfg = Release|Any CPU
		{E12BC78F-C2CC-46E1-AF67-B62D8ACD96F8}.Release|Any CPU.Build.0 = Release|Any CPU
		{E12BC78F-C2CC-46E1-AF67-B62D8ACD96F8}.Release|x86.ActiveCfg = Release|Any CPU
		{E12BC78F-C2CC-46E1-AF67-B62D8ACD96F8}.release-net45|Any CPU.ActiveCfg = Release|Any CPU
		{E12BC78F-C2CC-46E1-AF67-B62D8ACD96F8}.release-net45|Any CPU.Build.0 = Release|Any CPU
		{E12BC78F-C2CC-46E1-AF67-B62D8ACD96F8}.release-net45|x86.ActiveCfg = Release|Any CPU
		{E12BC78F-C2CC-46E1-AF67-B62D8ACD96F8}.release-net45|x86.Build.0 = Release|Any CPU
		{8BE188CA-A0D9-4609-AB2E-AB8EDF849FE0}.ChildrenFolder|Any CPU.ActiveCfg = Release|Any CPU
		{8BE188CA-A0D9-4609-AB2E-AB8EDF849FE0}.ChildrenFolder|Any CPU.Build.0 = Release|Any CPU
		{8BE188CA-A0D9-4609-AB2E-AB8EDF849FE0}.ChildrenFolder|x86.ActiveCfg = Release|Any CPU
		{8BE188CA-A0D9-4609-AB2E-AB8EDF849FE0}.Debug|Any CPU.ActiveCfg = debug-net40|Any CPU
		{8BE188CA-A0D9-4609-AB2E-AB8EDF849FE0}.Debug|Any CPU.Build.0 = debug-net40|Any CPU
		{8BE188CA-A0D9-4609-AB2E-AB8EDF849FE0}.Debug|x86.ActiveCfg = Debug|Any CPU
		{8BE188CA-A0D9-4609-AB2E-AB8EDF849FE0}.debug-net45|Any CPU.ActiveCfg = debug-net45|Any CPU
		{8BE188CA-A0D9-4609-AB2E-AB8EDF849FE0}.debug-net45|Any CPU.Build.0 = debug-net45|Any CPU
		{8BE188CA-A0D9-4609-AB2E-AB8EDF849FE0}.debug-net45|x86.ActiveCfg = debug-net45|Any CPU
		{8BE188CA-A0D9-4609-AB2E-AB8EDF849FE0}.debug-net45|x86.Build.0 = debug-net45|Any CPU
		{8BE188CA-A0D9-4609-AB2E-AB8EDF849FE0}.Release|Any CPU.ActiveCfg = release-net40|Any CPU
		{8BE188CA-A0D9-4609-AB2E-AB8EDF849FE0}.Release|Any CPU.Build.0 = release-net40|Any CPU
		{8BE188CA-A0D9-4609-AB2E-AB8EDF849FE0}.Release|x86.ActiveCfg = Release|Any CPU
		{8BE188CA-A0D9-4609-AB2E-AB8EDF849FE0}.release-net45|Any CPU.ActiveCfg = release-net45|Any CPU
		{8BE188CA-A0D9-4609-AB2E-AB8EDF849FE0}.release-net45|Any CPU.Build.0 = release-net45|Any CPU
		{8BE188CA-A0D9-4609-AB2E-AB8EDF849FE0}.release-net45|x86.ActiveCfg = release-net45|Any CPU
		{8BE188CA-A0D9-4609-AB2E-AB8EDF849FE0}.release-net45|x86.Build.0 = release-net45|Any CPU
		{4D65C8D8-B835-4F03-9606-05A18C3EEE1B}.ChildrenFolder|Any CPU.ActiveCfg = Release|Any CPU
		{4D65C8D8-B835-4F03-9606-05A18C3EEE1B}.ChildrenFolder|Any CPU.Build.0 = Release|Any CPU
		{4D65C8D8-B835-4F03-9606-05A18C3EEE1B}.ChildrenFolder|x86.ActiveCfg = Release|Any CPU
		{4D65C8D8-B835-4F03-9606-05A18C3EEE1B}.Debug|Any CPU.ActiveCfg = Debug|Any CPU
		{4D65C8D8-B835-4F03-9606-05A18C3EEE1B}.Debug|Any CPU.Build.0 = Debug|Any CPU
		{4D65C8D8-B835-4F03-9606-05A18C3EEE1B}.Debug|x86.ActiveCfg = Debug|Any CPU
		{4D65C8D8-B835-4F03-9606-05A18C3EEE1B}.debug-net45|Any CPU.ActiveCfg = Debug|Any CPU
		{4D65C8D8-B835-4F03-9606-05A18C3EEE1B}.debug-net45|Any CPU.Build.0 = Debug|Any CPU
		{4D65C8D8-B835-4F03-9606-05A18C3EEE1B}.debug-net45|x86.ActiveCfg = Debug|Any CPU
		{4D65C8D8-B835-4F03-9606-05A18C3EEE1B}.debug-net45|x86.Build.0 = Debug|Any CPU
		{4D65C8D8-B835-4F03-9606-05A18C3EEE1B}.Release|Any CPU.ActiveCfg = Release|Any CPU
		{4D65C8D8-B835-4F03-9606-05A18C3EEE1B}.Release|Any CPU.Build.0 = Release|Any CPU
		{4D65C8D8-B835-4F03-9606-05A18C3EEE1B}.Release|x86.ActiveCfg = Release|Any CPU
		{4D65C8D8-B835-4F03-9606-05A18C3EEE1B}.release-net45|Any CPU.ActiveCfg = Release|Any CPU
		{4D65C8D8-B835-4F03-9606-05A18C3EEE1B}.release-net45|Any CPU.Build.0 = Release|Any CPU
		{4D65C8D8-B835-4F03-9606-05A18C3EEE1B}.release-net45|x86.ActiveCfg = Release|Any CPU
		{4D65C8D8-B835-4F03-9606-05A18C3EEE1B}.release-net45|x86.Build.0 = Release|Any CPU
		{677DB511-BFB9-4FAA-877C-AF00A12487CD}.ChildrenFolder|Any CPU.ActiveCfg = Release|Any CPU
		{677DB511-BFB9-4FAA-877C-AF00A12487CD}.ChildrenFolder|Any CPU.Build.0 = Release|Any CPU
		{677DB511-BFB9-4FAA-877C-AF00A12487CD}.ChildrenFolder|x86.ActiveCfg = Release|Any CPU
		{677DB511-BFB9-4FAA-877C-AF00A12487CD}.Debug|Any CPU.ActiveCfg = Debug|Any CPU
		{677DB511-BFB9-4FAA-877C-AF00A12487CD}.Debug|Any CPU.Build.0 = Debug|Any CPU
		{677DB511-BFB9-4FAA-877C-AF00A12487CD}.Debug|x86.ActiveCfg = Debug|Any CPU
		{677DB511-BFB9-4FAA-877C-AF00A12487CD}.debug-net45|Any CPU.ActiveCfg = Debug|Any CPU
		{677DB511-BFB9-4FAA-877C-AF00A12487CD}.debug-net45|Any CPU.Build.0 = Debug|Any CPU
		{677DB511-BFB9-4FAA-877C-AF00A12487CD}.debug-net45|x86.ActiveCfg = Debug|Any CPU
		{677DB511-BFB9-4FAA-877C-AF00A12487CD}.debug-net45|x86.Build.0 = Debug|Any CPU
		{677DB511-BFB9-4FAA-877C-AF00A12487CD}.Release|Any CPU.ActiveCfg = Release|Any CPU
		{677DB511-BFB9-4FAA-877C-AF00A12487CD}.Release|Any CPU.Build.0 = Release|Any CPU
		{677DB511-BFB9-4FAA-877C-AF00A12487CD}.Release|x86.ActiveCfg = Release|Any CPU
		{677DB511-BFB9-4FAA-877C-AF00A12487CD}.release-net45|Any CPU.ActiveCfg = Release|Any CPU
		{677DB511-BFB9-4FAA-877C-AF00A12487CD}.release-net45|Any CPU.Build.0 = Release|Any CPU
		{677DB511-BFB9-4FAA-877C-AF00A12487CD}.release-net45|x86.ActiveCfg = Release|Any CPU
		{677DB511-BFB9-4FAA-877C-AF00A12487CD}.release-net45|x86.Build.0 = Release|Any CPU
		{75D6B3B6-82B6-448F-8565-DBD2FD467D4F}.ChildrenFolder|Any CPU.ActiveCfg = Release|Any CPU
		{75D6B3B6-82B6-448F-8565-DBD2FD467D4F}.ChildrenFolder|Any CPU.Build.0 = Release|Any CPU
		{75D6B3B6-82B6-448F-8565-DBD2FD467D4F}.ChildrenFolder|x86.ActiveCfg = release-net45|Any CPU
		{75D6B3B6-82B6-448F-8565-DBD2FD467D4F}.Debug|Any CPU.ActiveCfg = Debug|Any CPU
		{75D6B3B6-82B6-448F-8565-DBD2FD467D4F}.Debug|Any CPU.Build.0 = Debug|Any CPU
		{75D6B3B6-82B6-448F-8565-DBD2FD467D4F}.Debug|x86.ActiveCfg = Debug|Any CPU
		{75D6B3B6-82B6-448F-8565-DBD2FD467D4F}.debug-net45|Any CPU.ActiveCfg = debug-net45|Any CPU
		{75D6B3B6-82B6-448F-8565-DBD2FD467D4F}.debug-net45|Any CPU.Build.0 = debug-net45|Any CPU
		{75D6B3B6-82B6-448F-8565-DBD2FD467D4F}.debug-net45|x86.ActiveCfg = debug-net45|Any CPU
		{75D6B3B6-82B6-448F-8565-DBD2FD467D4F}.debug-net45|x86.Build.0 = debug-net45|Any CPU
		{75D6B3B6-82B6-448F-8565-DBD2FD467D4F}.Release|Any CPU.ActiveCfg = Release|Any CPU
		{75D6B3B6-82B6-448F-8565-DBD2FD467D4F}.Release|Any CPU.Build.0 = Release|Any CPU
		{75D6B3B6-82B6-448F-8565-DBD2FD467D4F}.Release|x86.ActiveCfg = Release|Any CPU
		{75D6B3B6-82B6-448F-8565-DBD2FD467D4F}.release-net45|Any CPU.ActiveCfg = release-net45|Any CPU
		{75D6B3B6-82B6-448F-8565-DBD2FD467D4F}.release-net45|Any CPU.Build.0 = release-net45|Any CPU
		{75D6B3B6-82B6-448F-8565-DBD2FD467D4F}.release-net45|x86.ActiveCfg = release-net45|Any CPU
		{75D6B3B6-82B6-448F-8565-DBD2FD467D4F}.release-net45|x86.Build.0 = release-net45|Any CPU
		{8724B58D-B021-4658-AA05-5644A44CD3C5}.ChildrenFolder|Any CPU.ActiveCfg = Release|Any CPU
		{8724B58D-B021-4658-AA05-5644A44CD3C5}.ChildrenFolder|Any CPU.Build.0 = Release|Any CPU
		{8724B58D-B021-4658-AA05-5644A44CD3C5}.ChildrenFolder|x86.ActiveCfg = Release|Any CPU
		{8724B58D-B021-4658-AA05-5644A44CD3C5}.Debug|Any CPU.ActiveCfg = Debug|Any CPU
		{8724B58D-B021-4658-AA05-5644A44CD3C5}.Debug|Any CPU.Build.0 = Debug|Any CPU
		{8724B58D-B021-4658-AA05-5644A44CD3C5}.Debug|x86.ActiveCfg = Debug|Any CPU
		{8724B58D-B021-4658-AA05-5644A44CD3C5}.debug-net45|Any CPU.ActiveCfg = Debug|Any CPU
		{8724B58D-B021-4658-AA05-5644A44CD3C5}.debug-net45|Any CPU.Build.0 = Debug|Any CPU
		{8724B58D-B021-4658-AA05-5644A44CD3C5}.debug-net45|x86.ActiveCfg = Debug|Any CPU
		{8724B58D-B021-4658-AA05-5644A44CD3C5}.debug-net45|x86.Build.0 = Debug|Any CPU
		{8724B58D-B021-4658-AA05-5644A44CD3C5}.Release|Any CPU.ActiveCfg = Release|Any CPU
		{8724B58D-B021-4658-AA05-5644A44CD3C5}.Release|Any CPU.Build.0 = Release|Any CPU
		{8724B58D-B021-4658-AA05-5644A44CD3C5}.Release|x86.ActiveCfg = Release|Any CPU
		{8724B58D-B021-4658-AA05-5644A44CD3C5}.release-net45|Any CPU.ActiveCfg = Release|Any CPU
		{8724B58D-B021-4658-AA05-5644A44CD3C5}.release-net45|Any CPU.Build.0 = Release|Any CPU
		{8724B58D-B021-4658-AA05-5644A44CD3C5}.release-net45|x86.ActiveCfg = Release|Any CPU
		{8724B58D-B021-4658-AA05-5644A44CD3C5}.release-net45|x86.Build.0 = Release|Any CPU
		{BCCDAED2-0C49-41F7-8073-FDDB810DD379}.ChildrenFolder|Any CPU.ActiveCfg = Release|Any CPU
		{BCCDAED2-0C49-41F7-8073-FDDB810DD379}.ChildrenFolder|Any CPU.Build.0 = Release|Any CPU
		{BCCDAED2-0C49-41F7-8073-FDDB810DD379}.ChildrenFolder|x86.ActiveCfg = Release|x86
		{BCCDAED2-0C49-41F7-8073-FDDB810DD379}.ChildrenFolder|x86.Build.0 = Release|x86
		{BCCDAED2-0C49-41F7-8073-FDDB810DD379}.Debug|Any CPU.ActiveCfg = Debug|Any CPU
		{BCCDAED2-0C49-41F7-8073-FDDB810DD379}.Debug|Any CPU.Build.0 = Debug|Any CPU
		{BCCDAED2-0C49-41F7-8073-FDDB810DD379}.Debug|x86.ActiveCfg = Debug|x86
		{BCCDAED2-0C49-41F7-8073-FDDB810DD379}.Debug|x86.Build.0 = Debug|x86
		{BCCDAED2-0C49-41F7-8073-FDDB810DD379}.debug-net45|Any CPU.ActiveCfg = Debug|Any CPU
		{BCCDAED2-0C49-41F7-8073-FDDB810DD379}.debug-net45|Any CPU.Build.0 = Debug|Any CPU
		{BCCDAED2-0C49-41F7-8073-FDDB810DD379}.debug-net45|x86.ActiveCfg = Debug|x86
		{BCCDAED2-0C49-41F7-8073-FDDB810DD379}.debug-net45|x86.Build.0 = Debug|x86
		{BCCDAED2-0C49-41F7-8073-FDDB810DD379}.Release|Any CPU.ActiveCfg = Release|Any CPU
		{BCCDAED2-0C49-41F7-8073-FDDB810DD379}.Release|Any CPU.Build.0 = Release|Any CPU
		{BCCDAED2-0C49-41F7-8073-FDDB810DD379}.Release|x86.ActiveCfg = Release|x86
		{BCCDAED2-0C49-41F7-8073-FDDB810DD379}.Release|x86.Build.0 = Release|x86
		{BCCDAED2-0C49-41F7-8073-FDDB810DD379}.release-net45|Any CPU.ActiveCfg = Release|Any CPU
		{BCCDAED2-0C49-41F7-8073-FDDB810DD379}.release-net45|Any CPU.Build.0 = Release|Any CPU
		{BCCDAED2-0C49-41F7-8073-FDDB810DD379}.release-net45|x86.ActiveCfg = Release|x86
		{BCCDAED2-0C49-41F7-8073-FDDB810DD379}.release-net45|x86.Build.0 = Release|x86
		{F5D61060-DF73-4B6D-846F-8F60EE2A00A4}.ChildrenFolder|Any CPU.ActiveCfg = Release|Any CPU
		{F5D61060-DF73-4B6D-846F-8F60EE2A00A4}.ChildrenFolder|Any CPU.Build.0 = Release|Any CPU
		{F5D61060-DF73-4B6D-846F-8F60EE2A00A4}.ChildrenFolder|x86.ActiveCfg = Release|x86
		{F5D61060-DF73-4B6D-846F-8F60EE2A00A4}.ChildrenFolder|x86.Build.0 = Release|x86
		{F5D61060-DF73-4B6D-846F-8F60EE2A00A4}.Debug|Any CPU.ActiveCfg = Debug|Any CPU
		{F5D61060-DF73-4B6D-846F-8F60EE2A00A4}.Debug|Any CPU.Build.0 = Debug|Any CPU
		{F5D61060-DF73-4B6D-846F-8F60EE2A00A4}.Debug|x86.ActiveCfg = Debug|x86
		{F5D61060-DF73-4B6D-846F-8F60EE2A00A4}.Debug|x86.Build.0 = Debug|x86
		{F5D61060-DF73-4B6D-846F-8F60EE2A00A4}.debug-net45|Any CPU.ActiveCfg = Debug|Any CPU
		{F5D61060-DF73-4B6D-846F-8F60EE2A00A4}.debug-net45|Any CPU.Build.0 = Debug|Any CPU
		{F5D61060-DF73-4B6D-846F-8F60EE2A00A4}.debug-net45|x86.ActiveCfg = Debug|x86
		{F5D61060-DF73-4B6D-846F-8F60EE2A00A4}.debug-net45|x86.Build.0 = Debug|x86
		{F5D61060-DF73-4B6D-846F-8F60EE2A00A4}.Release|Any CPU.ActiveCfg = Release|Any CPU
		{F5D61060-DF73-4B6D-846F-8F60EE2A00A4}.Release|Any CPU.Build.0 = Release|Any CPU
		{F5D61060-DF73-4B6D-846F-8F60EE2A00A4}.Release|x86.ActiveCfg = Release|x86
		{F5D61060-DF73-4B6D-846F-8F60EE2A00A4}.Release|x86.Build.0 = Release|x86
		{F5D61060-DF73-4B6D-846F-8F60EE2A00A4}.release-net45|Any CPU.ActiveCfg = Release|Any CPU
		{F5D61060-DF73-4B6D-846F-8F60EE2A00A4}.release-net45|Any CPU.Build.0 = Release|Any CPU
		{F5D61060-DF73-4B6D-846F-8F60EE2A00A4}.release-net45|x86.ActiveCfg = Release|x86
		{F5D61060-DF73-4B6D-846F-8F60EE2A00A4}.release-net45|x86.Build.0 = Release|x86
		{6A431E24-E989-4641-A9D6-AC0A60E4CADA}.ChildrenFolder|Any CPU.ActiveCfg = Release|Any CPU
		{6A431E24-E989-4641-A9D6-AC0A60E4CADA}.ChildrenFolder|Any CPU.Build.0 = Release|Any CPU
		{6A431E24-E989-4641-A9D6-AC0A60E4CADA}.ChildrenFolder|x86.ActiveCfg = Release|Any CPU
		{6A431E24-E989-4641-A9D6-AC0A60E4CADA}.Debug|Any CPU.ActiveCfg = Debug|Any CPU
		{6A431E24-E989-4641-A9D6-AC0A60E4CADA}.Debug|Any CPU.Build.0 = Debug|Any CPU
		{6A431E24-E989-4641-A9D6-AC0A60E4CADA}.Debug|x86.ActiveCfg = Debug|Any CPU
		{6A431E24-E989-4641-A9D6-AC0A60E4CADA}.debug-net45|Any CPU.ActiveCfg = Debug|Any CPU
		{6A431E24-E989-4641-A9D6-AC0A60E4CADA}.debug-net45|Any CPU.Build.0 = Debug|Any CPU
		{6A431E24-E989-4641-A9D6-AC0A60E4CADA}.debug-net45|x86.ActiveCfg = Debug|Any CPU
		{6A431E24-E989-4641-A9D6-AC0A60E4CADA}.debug-net45|x86.Build.0 = Debug|Any CPU
		{6A431E24-E989-4641-A9D6-AC0A60E4CADA}.Release|Any CPU.ActiveCfg = Release|Any CPU
		{6A431E24-E989-4641-A9D6-AC0A60E4CADA}.Release|Any CPU.Build.0 = Release|Any CPU
		{6A431E24-E989-4641-A9D6-AC0A60E4CADA}.Release|x86.ActiveCfg = Release|Any CPU
		{6A431E24-E989-4641-A9D6-AC0A60E4CADA}.release-net45|Any CPU.ActiveCfg = Release|Any CPU
		{6A431E24-E989-4641-A9D6-AC0A60E4CADA}.release-net45|Any CPU.Build.0 = Release|Any CPU
		{6A431E24-E989-4641-A9D6-AC0A60E4CADA}.release-net45|x86.ActiveCfg = Release|Any CPU
		{6A431E24-E989-4641-A9D6-AC0A60E4CADA}.release-net45|x86.Build.0 = Release|Any CPU
		{18676AB8-9F29-41EC-A633-95CF6F8175C6}.ChildrenFolder|Any CPU.ActiveCfg = Release|Any CPU
		{18676AB8-9F29-41EC-A633-95CF6F8175C6}.ChildrenFolder|Any CPU.Build.0 = Release|Any CPU
		{18676AB8-9F29-41EC-A633-95CF6F8175C6}.ChildrenFolder|x86.ActiveCfg = Release|Any CPU
		{18676AB8-9F29-41EC-A633-95CF6F8175C6}.Debug|Any CPU.ActiveCfg = Debug|Any CPU
		{18676AB8-9F29-41EC-A633-95CF6F8175C6}.Debug|Any CPU.Build.0 = Debug|Any CPU
		{18676AB8-9F29-41EC-A633-95CF6F8175C6}.Debug|x86.ActiveCfg = Debug|Any CPU
		{18676AB8-9F29-41EC-A633-95CF6F8175C6}.debug-net45|Any CPU.ActiveCfg = Debug|Any CPU
		{18676AB8-9F29-41EC-A633-95CF6F8175C6}.debug-net45|Any CPU.Build.0 = Debug|Any CPU
		{18676AB8-9F29-41EC-A633-95CF6F8175C6}.debug-net45|x86.ActiveCfg = Debug|Any CPU
		{18676AB8-9F29-41EC-A633-95CF6F8175C6}.debug-net45|x86.Build.0 = Debug|Any CPU
		{18676AB8-9F29-41EC-A633-95CF6F8175C6}.Release|Any CPU.ActiveCfg = Release|Any CPU
		{18676AB8-9F29-41EC-A633-95CF6F8175C6}.Release|Any CPU.Build.0 = Release|Any CPU
		{18676AB8-9F29-41EC-A633-95CF6F8175C6}.Release|x86.ActiveCfg = Release|Any CPU
		{18676AB8-9F29-41EC-A633-95CF6F8175C6}.release-net45|Any CPU.ActiveCfg = Release|Any CPU
		{18676AB8-9F29-41EC-A633-95CF6F8175C6}.release-net45|Any CPU.Build.0 = Release|Any CPU
		{18676AB8-9F29-41EC-A633-95CF6F8175C6}.release-net45|x86.ActiveCfg = Release|Any CPU
		{18676AB8-9F29-41EC-A633-95CF6F8175C6}.release-net45|x86.Build.0 = Release|Any CPU
		{15062012-5439-48BF-8FB8-62DC3C7B76C4}.ChildrenFolder|Any CPU.ActiveCfg = Release|Any CPU
		{15062012-5439-48BF-8FB8-62DC3C7B76C4}.ChildrenFolder|Any CPU.Build.0 = Release|Any CPU
		{15062012-5439-48BF-8FB8-62DC3C7B76C4}.ChildrenFolder|x86.ActiveCfg = Release|Any CPU
		{15062012-5439-48BF-8FB8-62DC3C7B76C4}.Debug|Any CPU.ActiveCfg = Debug|Any CPU
		{15062012-5439-48BF-8FB8-62DC3C7B76C4}.Debug|Any CPU.Build.0 = Debug|Any CPU
		{15062012-5439-48BF-8FB8-62DC3C7B76C4}.Debug|x86.ActiveCfg = Debug|Any CPU
		{15062012-5439-48BF-8FB8-62DC3C7B76C4}.debug-net45|Any CPU.ActiveCfg = Debug|Any CPU
		{15062012-5439-48BF-8FB8-62DC3C7B76C4}.debug-net45|Any CPU.Build.0 = Debug|Any CPU
		{15062012-5439-48BF-8FB8-62DC3C7B76C4}.debug-net45|x86.ActiveCfg = Debug|Any CPU
		{15062012-5439-48BF-8FB8-62DC3C7B76C4}.debug-net45|x86.Build.0 = Debug|Any CPU
		{15062012-5439-48BF-8FB8-62DC3C7B76C4}.Release|Any CPU.ActiveCfg = Release|Any CPU
		{15062012-5439-48BF-8FB8-62DC3C7B76C4}.Release|Any CPU.Build.0 = Release|Any CPU
		{15062012-5439-48BF-8FB8-62DC3C7B76C4}.Release|x86.ActiveCfg = Release|Any CPU
		{15062012-5439-48BF-8FB8-62DC3C7B76C4}.release-net45|Any CPU.ActiveCfg = Release|Any CPU
		{15062012-5439-48BF-8FB8-62DC3C7B76C4}.release-net45|Any CPU.Build.0 = Release|Any CPU
		{15062012-5439-48BF-8FB8-62DC3C7B76C4}.release-net45|x86.ActiveCfg = Release|Any CPU
		{15062012-5439-48BF-8FB8-62DC3C7B76C4}.release-net45|x86.Build.0 = Release|Any CPU
		{BB0320E9-5844-4AD0-A17D-355CF556B15C}.ChildrenFolder|Any CPU.ActiveCfg = Release|Any CPU
		{BB0320E9-5844-4AD0-A17D-355CF556B15C}.ChildrenFolder|Any CPU.Build.0 = Release|Any CPU
		{BB0320E9-5844-4AD0-A17D-355CF556B15C}.ChildrenFolder|x86.ActiveCfg = Release|Any CPU
		{BB0320E9-5844-4AD0-A17D-355CF556B15C}.Debug|Any CPU.ActiveCfg = Debug|Any CPU
		{BB0320E9-5844-4AD0-A17D-355CF556B15C}.Debug|Any CPU.Build.0 = Debug|Any CPU
		{BB0320E9-5844-4AD0-A17D-355CF556B15C}.Debug|x86.ActiveCfg = Debug|Any CPU
		{BB0320E9-5844-4AD0-A17D-355CF556B15C}.debug-net45|Any CPU.ActiveCfg = Debug|Any CPU
		{BB0320E9-5844-4AD0-A17D-355CF556B15C}.debug-net45|Any CPU.Build.0 = Debug|Any CPU
		{BB0320E9-5844-4AD0-A17D-355CF556B15C}.debug-net45|x86.ActiveCfg = Debug|Any CPU
		{BB0320E9-5844-4AD0-A17D-355CF556B15C}.debug-net45|x86.Build.0 = Debug|Any CPU
		{BB0320E9-5844-4AD0-A17D-355CF556B15C}.Release|Any CPU.ActiveCfg = Release|Any CPU
		{BB0320E9-5844-4AD0-A17D-355CF556B15C}.Release|Any CPU.Build.0 = Release|Any CPU
		{BB0320E9-5844-4AD0-A17D-355CF556B15C}.Release|x86.ActiveCfg = Release|Any CPU
		{BB0320E9-5844-4AD0-A17D-355CF556B15C}.release-net45|Any CPU.ActiveCfg = Release|Any CPU
		{BB0320E9-5844-4AD0-A17D-355CF556B15C}.release-net45|Any CPU.Build.0 = Release|Any CPU
		{BB0320E9-5844-4AD0-A17D-355CF556B15C}.release-net45|x86.ActiveCfg = Release|Any CPU
		{BB0320E9-5844-4AD0-A17D-355CF556B15C}.release-net45|x86.Build.0 = Release|Any CPU
		{98EFE255-60D6-4C1B-95A6-49779D21E94E}.ChildrenFolder|Any CPU.ActiveCfg = release-net45|Any CPU
		{98EFE255-60D6-4C1B-95A6-49779D21E94E}.ChildrenFolder|Any CPU.Build.0 = release-net45|Any CPU
		{98EFE255-60D6-4C1B-95A6-49779D21E94E}.ChildrenFolder|x86.ActiveCfg = release-net45|Any CPU
		{98EFE255-60D6-4C1B-95A6-49779D21E94E}.ChildrenFolder|x86.Build.0 = release-net45|Any CPU
		{98EFE255-60D6-4C1B-95A6-49779D21E94E}.Debug|Any CPU.ActiveCfg = debug-net40|Any CPU
		{98EFE255-60D6-4C1B-95A6-49779D21E94E}.Debug|Any CPU.Build.0 = debug-net40|Any CPU
		{98EFE255-60D6-4C1B-95A6-49779D21E94E}.Debug|x86.ActiveCfg = Debug|Any CPU
		{98EFE255-60D6-4C1B-95A6-49779D21E94E}.Debug|x86.Build.0 = Debug|Any CPU
		{98EFE255-60D6-4C1B-95A6-49779D21E94E}.debug-net45|Any CPU.ActiveCfg = debug-net45|Any CPU
		{98EFE255-60D6-4C1B-95A6-49779D21E94E}.debug-net45|Any CPU.Build.0 = debug-net45|Any CPU
		{98EFE255-60D6-4C1B-95A6-49779D21E94E}.debug-net45|x86.ActiveCfg = debug-net45|Any CPU
		{98EFE255-60D6-4C1B-95A6-49779D21E94E}.debug-net45|x86.Build.0 = debug-net45|Any CPU
		{98EFE255-60D6-4C1B-95A6-49779D21E94E}.Release|Any CPU.ActiveCfg = release-net40|Any CPU
		{98EFE255-60D6-4C1B-95A6-49779D21E94E}.Release|Any CPU.Build.0 = release-net40|Any CPU
		{98EFE255-60D6-4C1B-95A6-49779D21E94E}.Release|x86.ActiveCfg = Release|Any CPU
		{98EFE255-60D6-4C1B-95A6-49779D21E94E}.Release|x86.Build.0 = Release|Any CPU
		{98EFE255-60D6-4C1B-95A6-49779D21E94E}.release-net45|Any CPU.ActiveCfg = release-net45|Any CPU
		{98EFE255-60D6-4C1B-95A6-49779D21E94E}.release-net45|Any CPU.Build.0 = release-net45|Any CPU
		{98EFE255-60D6-4C1B-95A6-49779D21E94E}.release-net45|x86.ActiveCfg = release-net45|Any CPU
		{98EFE255-60D6-4C1B-95A6-49779D21E94E}.release-net45|x86.Build.0 = release-net45|Any CPU
	EndGlobalSection
	GlobalSection(SolutionProperties) = preSolution
		HideSolutionNode = FALSE
	EndGlobalSection
	GlobalSection(NestedProjects) = preSolution
		{B38A237B-0BF4-4FD0-941D-E3640A3058EE} = {3130DCB6-7D21-471C-B864-16B2FAAD8EFC}
		{F4E5BF74-FD5D-4A1C-AB92-A54A7B79EC42} = {F1ABE560-BCB9-4E0D-BDC0-5D401B1B1122}
		{5878740B-360A-4942-8902-926907209616} = {F1ABE560-BCB9-4E0D-BDC0-5D401B1B1122}
		{A215E837-1208-49E3-AF93-A9612223122C} = {3E58ADC1-A8F4-4403-AF3A-2C3ED1F86289}
		{80C9F352-5EED-41B2-989A-6628BCAF4D36} = {3E58ADC1-A8F4-4403-AF3A-2C3ED1F86289}
		{8A680813-C83B-497A-85E6-E8F07B7D7650} = {3E58ADC1-A8F4-4403-AF3A-2C3ED1F86289}
		{72AFCFE8-C9E9-45FA-9698-BEE896A517A3} = {3E58ADC1-A8F4-4403-AF3A-2C3ED1F86289}
		{A2C4864F-8976-4C5B-A2BF-60AE31749BB7} = {3E58ADC1-A8F4-4403-AF3A-2C3ED1F86289}
		{E12BC78F-C2CC-46E1-AF67-B62D8ACD96F8} = {3130DCB6-7D21-471C-B864-16B2FAAD8EFC}
		{8BE188CA-A0D9-4609-AB2E-AB8EDF849FE0} = {3E58ADC1-A8F4-4403-AF3A-2C3ED1F86289}
		{4D65C8D8-B835-4F03-9606-05A18C3EEE1B} = {3E58ADC1-A8F4-4403-AF3A-2C3ED1F86289}
		{677DB511-BFB9-4FAA-877C-AF00A12487CD} = {514554E3-AC66-4F5C-86D3-0FB479EACD0F}
		{75D6B3B6-82B6-448F-8565-DBD2FD467D4F} = {3E58ADC1-A8F4-4403-AF3A-2C3ED1F86289}
		{8724B58D-B021-4658-AA05-5644A44CD3C5} = {F1ABE560-BCB9-4E0D-BDC0-5D401B1B1122}
		{BCCDAED2-0C49-41F7-8073-FDDB810DD379} = {3E58ADC1-A8F4-4403-AF3A-2C3ED1F86289}
		{F5D61060-DF73-4B6D-846F-8F60EE2A00A4} = {3E58ADC1-A8F4-4403-AF3A-2C3ED1F86289}
		{6A431E24-E989-4641-A9D6-AC0A60E4CADA} = {F1ABE560-BCB9-4E0D-BDC0-5D401B1B1122}
		{18676AB8-9F29-41EC-A633-95CF6F8175C6} = {514554E3-AC66-4F5C-86D3-0FB479EACD0F}
		{15062012-5439-48BF-8FB8-62DC3C7B76C4} = {514554E3-AC66-4F5C-86D3-0FB479EACD0F}
		{BB0320E9-5844-4AD0-A17D-355CF556B15C} = {EAE5A359-D061-478B-B381-29FDA921C068}
		{98EFE255-60D6-4C1B-95A6-49779D21E94E} = {3E58ADC1-A8F4-4403-AF3A-2C3ED1F86289}
	EndGlobalSection
EndGlobal
